{
    "_readme": [
        "This file locks the dependencies of your project to a known state",
        "Read more about it at https://getcomposer.org/doc/01-basic-usage.md#installing-dependencies",
        "This file is @generated automatically"
    ],
    "content-hash": "93d8772e66fb68a93b43bbb613119b04",
    "packages": [],
    "packages-dev": [
        {
            "name": "composer/installers",
            "version": "v2.3.0",
            "source": {
                "type": "git",
                "url": "https://github.com/composer/installers.git",
                "reference": "12fb2dfe5e16183de69e784a7b84046c43d97e8e"
            },
            "dist": {
                "type": "zip",
                "url": "https://api.github.com/repos/composer/installers/zipball/12fb2dfe5e16183de69e784a7b84046c43d97e8e",
                "reference": "12fb2dfe5e16183de69e784a7b84046c43d97e8e",
                "shasum": ""
            },
            "require": {
                "composer-plugin-api": "^1.0 || ^2.0",
                "php": "^7.2 || ^8.0"
            },
            "require-dev": {
                "composer/composer": "^1.10.27 || ^2.7",
                "composer/semver": "^1.7.2 || ^3.4.0",
                "phpstan/phpstan": "^1.11",
                "phpstan/phpstan-phpunit": "^1",
                "symfony/phpunit-bridge": "^7.1.1",
                "symfony/process": "^5 || ^6 || ^7"
            },
            "type": "composer-plugin",
            "extra": {
                "class": "Composer\\Installers\\Plugin",
                "branch-alias": {
                    "dev-main": "2.x-dev"
                },
                "plugin-modifies-install-path": true
            },
            "autoload": {
                "psr-4": {
                    "Composer\\Installers\\": "src/Composer/Installers"
                }
            },
            "notification-url": "https://packagist.org/downloads/",
            "license": [
                "MIT"
            ],
            "authors": [
                {
                    "name": "Kyle Robinson Young",
                    "email": "kyle@dontkry.com",
                    "homepage": "https://github.com/shama"
                }
            ],
            "description": "A multi-framework Composer library installer",
            "homepage": "https://composer.github.io/installers/",
            "keywords": [
                "Dolibarr",
                "Eliasis",
                "Hurad",
                "ImageCMS",
                "Kanboard",
                "Lan Management System",
                "MODX Evo",
                "MantisBT",
                "Mautic",
                "Maya",
                "OXID",
                "Plentymarkets",
                "Porto",
                "RadPHP",
                "SMF",
                "Starbug",
                "Thelia",
                "Whmcs",
                "WolfCMS",
                "agl",
                "annotatecms",
                "attogram",
                "bitrix",
                "cakephp",
                "chef",
                "cockpit",
                "codeigniter",
                "concrete5",
                "concreteCMS",
                "croogo",
                "dokuwiki",
                "drupal",
                "eZ Platform",
                "elgg",
                "expressionengine",
                "fuelphp",
                "grav",
                "installer",
                "itop",
                "known",
                "kohana",
                "laravel",
                "lavalite",
                "lithium",
                "magento",
                "majima",
                "mako",
                "matomo",
                "mediawiki",
                "miaoxing",
                "modulework",
                "modx",
                "moodle",
                "osclass",
                "pantheon",
                "phpbb",
                "piwik",
                "ppi",
                "processwire",
                "puppet",
                "pxcms",
                "reindex",
                "roundcube",
                "shopware",
                "silverstripe",
                "sydes",
                "sylius",
                "tastyigniter",
                "wordpress",
                "yawik",
                "zend",
                "zikula"
            ],
            "support": {
                "issues": "https://github.com/composer/installers/issues",
                "source": "https://github.com/composer/installers/tree/v2.3.0"
            },
            "funding": [
                {
                    "url": "https://packagist.com",
                    "type": "custom"
                },
                {
                    "url": "https://github.com/composer",
                    "type": "github"
                },
                {
                    "url": "https://tidelift.com/funding/github/packagist/composer/composer",
                    "type": "tidelift"
                }
            ],
            "time": "2024-06-24T20:46:46+00:00"
        },
        {
            "name": "roots/wordpress",
            "version": "6.6.1",
            "source": {
                "type": "git",
                "url": "https://github.com/roots/wordpress.git",
                "reference": "1bdabdb9171ac5323edbf4792ce353d475467d27"
            },
            "dist": {
                "type": "zip",
                "url": "https://api.github.com/repos/roots/wordpress/zipball/1bdabdb9171ac5323edbf4792ce353d475467d27",
                "reference": "1bdabdb9171ac5323edbf4792ce353d475467d27",
                "shasum": ""
            },
            "require": {
                "roots/wordpress-core-installer": "^1.0.0",
                "roots/wordpress-no-content": "self.version"
            },
            "type": "metapackage",
            "notification-url": "https://packagist.org/downloads/",
            "license": [
                "MIT",
                "GPL-2.0-or-later"
            ],
            "description": "WordPress is open source software you can use to create a beautiful website, blog, or app.",
            "homepage": "https://wordpress.org/",
            "keywords": [
                "blog",
                "cms",
                "wordpress"
            ],
            "support": {
                "issues": "https://github.com/roots/wordpress/issues",
                "source": "https://github.com/roots/wordpress/tree/6.6.1"
            },
            "funding": [
                {
                    "url": "https://github.com/roots",
                    "type": "github"
                }
            ],
            "time": "2024-07-16T12:03:00+00:00"
        },
        {
            "name": "roots/wordpress-core-installer",
            "version": "1.100.0",
            "source": {
                "type": "git",
                "url": "https://github.com/roots/wordpress-core-installer.git",
                "reference": "73f8488e5178c5d54234b919f823a9095e2b1847"
            },
            "dist": {
                "type": "zip",
                "url": "https://api.github.com/repos/roots/wordpress-core-installer/zipball/73f8488e5178c5d54234b919f823a9095e2b1847",
                "reference": "73f8488e5178c5d54234b919f823a9095e2b1847",
                "shasum": ""
            },
            "require": {
                "composer-plugin-api": "^1.0 || ^2.0",
                "php": ">=5.6.0"
            },
            "conflict": {
                "composer/installers": "<1.0.6"
            },
            "replace": {
                "johnpbloch/wordpress-core-installer": "*"
            },
            "require-dev": {
                "composer/composer": "^1.0 || ^2.0",
                "phpunit/phpunit": ">=5.7.27"
            },
            "type": "composer-plugin",
            "extra": {
                "class": "Roots\\Composer\\WordPressCorePlugin"
            },
            "autoload": {
                "psr-4": {
                    "Roots\\Composer\\": "src/"
                }
            },
            "notification-url": "https://packagist.org/downloads/",
            "license": [
                "GPL-2.0-or-later"
            ],
            "authors": [
                {
                    "name": "John P. Bloch",
                    "email": "me@johnpbloch.com"
                },
                {
                    "name": "Roots",
                    "email": "team@roots.io"
                }
            ],
            "description": "A custom installer to handle deploying WordPress with composer",
            "keywords": [
                "wordpress"
            ],
            "support": {
                "issues": "https://github.com/roots/wordpress-core-installer/issues",
                "source": "https://github.com/roots/wordpress-core-installer/tree/master"
            },
            "funding": [
                {
                    "url": "https://github.com/roots",
                    "type": "github"
                },
                {
                    "url": "https://www.patreon.com/rootsdev",
                    "type": "patreon"
                }
            ],
            "time": "2020-08-20T00:27:30+00:00"
        },
        {
            "name": "roots/wordpress-no-content",
            "version": "6.6.1",
            "source": {
                "type": "git",
                "url": "https://github.com/WordPress/WordPress.git",
                "reference": "6.6.1"
            },
            "dist": {
                "type": "zip",
                "url": "https://downloads.wordpress.org/release/wordpress-6.6.1-no-content.zip",
                "shasum": "954aa560a66112cd999aa9d9519da5f964e6692a"
            },
            "require": {
                "php": ">= 7.0.0"
            },
            "provide": {
                "wordpress/core-implementation": "6.6.1"
            },
            "suggest": {
                "ext-curl": "Performs remote request operations.",
                "ext-dom": "Used to validate Text Widget content and to automatically configuring IIS7+.",
                "ext-exif": "Works with metadata stored in images.",
                "ext-fileinfo": "Used to detect mimetype of file uploads.",
                "ext-hash": "Used for hashing, including passwords and update packages.",
                "ext-imagick": "Provides better image quality for media uploads.",
                "ext-json": "Used for communications with other servers.",
                "ext-libsodium": "Validates Signatures and provides securely random bytes.",
                "ext-mbstring": "Used to properly handle UTF8 text.",
                "ext-mysqli": "Connects to MySQL for database interactions.",
                "ext-openssl": "Permits SSL-based connections to other hosts.",
                "ext-pcre": "Increases performance of pattern matching in code searches.",
                "ext-xml": "Used for XML parsing, such as from a third-party site.",
                "ext-zip": "Used for decompressing Plugins, Themes, and WordPress update packages."
            },
            "type": "wordpress-core",
            "notification-url": "https://packagist.org/downloads/",
            "license": [
                "GPL-2.0-or-later"
            ],
            "authors": [
                {
                    "name": "WordPress Community",
                    "homepage": "https://wordpress.org/about/"
                }
            ],
            "description": "WordPress is open source software you can use to create a beautiful website, blog, or app.",
            "homepage": "https://wordpress.org/",
            "keywords": [
                "blog",
                "cms",
                "wordpress"
            ],
            "support": {
                "docs": "https://developer.wordpress.org/",
                "forum": "https://wordpress.org/support/",
                "irc": "irc://irc.freenode.net/wordpress",
                "issues": "https://core.trac.wordpress.org/",
                "rss": "https://wordpress.org/news/feed/",
                "source": "https://core.trac.wordpress.org/browser",
                "wiki": "https://codex.wordpress.org/"
            },
            "funding": [
                {
                    "url": "https://wordpressfoundation.org/donate/",
                    "type": "other"
                }
            ],
            "time": "2024-07-23T15:25:13+00:00"
        }
    ],
    "aliases": [],
    "minimum-stability": "dev",
    "stability-flags": [],
    "prefer-stable": true,
    "prefer-lowest": false,
    "platform": {
        "php": ">=7.4"
    },
    "platform-dev": [],
    "plugin-api-version": "2.2.0"
}
